
Microsoft Visual Studio Solution File, Format Version 11.00
# Visual Studio 2010
Project("{FAE04EC0-301F-11D3-BF4B-00C04F79EFBC}") = "Assembly-CSharp-firstpass", "Assembly-CSharp-firstpass.csproj", "{32f54be2-035b-3ba9-1a38-b9892feacd11}"
EndProject
Project("{FAE04EC0-301F-11D3-BF4B-00C04F79EFBC}") = "Assembly-CSharp", "Assembly-CSharp.csproj", "{e2a6fb74-e2f7-3fb7-96ac-1a8cdcbdfe88}"
EndProject
Project("{FAE04EC0-301F-11D3-BF4B-00C04F79EFBC}") = "Assembly-CSharp-Editor-firstpass", "Assembly-CSharp-Editor-firstpass.csproj", "{261340a7-9737-ae17-3466-39cc91e0d9e2}"
EndProject
Global
	GlobalSection(SolutionConfigurationPlatforms) = preSolution
		Debug|Any CPU = Debug|Any CPU
	EndGlobalSection
	GlobalSection(ProjectConfigurationPlatforms) = postSolution
		{32f54be2-035b-3ba9-1a38-b9892feacd11}.Debug|Any CPU.ActiveCfg = Debug|Any CPU
		{32f54be2-035b-3ba9-1a38-b9892feacd11}.Debug|Any CPU.Build.0 = Debug|Any CPU
		{e2a6fb74-e2f7-3fb7-96ac-1a8cdcbdfe88}.Debug|Any CPU.ActiveCfg = Debug|Any CPU
		{e2a6fb74-e2f7-3fb7-96ac-1a8cdcbdfe88}.Debug|Any CPU.Build.0 = Debug|Any CPU
		{261340a7-9737-ae17-3466-39cc91e0d9e2}.Debug|Any CPU.ActiveCfg = Debug|Any CPU
		{261340a7-9737-ae17-3466-39cc91e0d9e2}.Debug|Any CPU.Build.0 = Debug|Any CPU
	EndGlobalSection
	GlobalSection(SolutionProperties) = preSolution
		HideSolutionNode = FALSE
	EndGlobalSection
EndGlobal
