
Microsoft Visual Studio Solution File, Format Version 12.00
# Visual Studio 15
Project("{FAE04EC0-301F-11D3-BF4B-00C04F79EFBC}") = "Assembly-CSharp-firstpass", "Assembly-CSharp-firstpass.csproj", "{E24BF532-5B03-A93B-1A38-B9892FEACD11}"
EndProject
Project("{FAE04EC0-301F-11D3-BF4B-00C04F79EFBC}") = "Assembly-CSharp", "Assembly-CSharp.csproj", "{74FBA6E2-F7E2-B73F-96AC-1A8CDCBDFE88}"
EndProject
Project("{FAE04EC0-301F-11D3-BF4B-00C04F79EFBC}") = "Assembly-CSharp-Editor-firstpass", "Assembly-CSharp-Editor-firstpass.csproj", "{A7401326-3797-17AE-3466-39CC91E0D9E2}"
EndProject
Global
	GlobalSection(SolutionConfigurationPlatforms) = preSolution
		Debug|Any CPU = Debug|Any CPU
		Release|Any CPU = Release|Any CPU
	EndGlobalSection
	GlobalSection(ProjectConfigurationPlatforms) = postSolution
		{E24BF532-5B03-A93B-1A38-B9892FEACD11}.Debug|Any CPU.ActiveCfg = Debug|Any CPU
		{E24BF532-5B03-A93B-1A38-B9892FEACD11}.Debug|Any CPU.Build.0 = Debug|Any CPU
		{E24BF532-5B03-A93B-1A38-B9892FEACD11}.Release|Any CPU.ActiveCfg = Release|Any CPU
		{E24BF532-5B03-A93B-1A38-B9892FEACD11}.Release|Any CPU.Build.0 = Release|Any CPU
		{74FBA6E2-F7E2-B73F-96AC-1A8CDCBDFE88}.Debug|Any CPU.ActiveCfg = Debug|Any CPU
		{74FBA6E2-F7E2-B73F-96AC-1A8CDCBDFE88}.Debug|Any CPU.Build.0 = Debug|Any CPU
		{74FBA6E2-F7E2-B73F-96AC-1A8CDCBDFE88}.Release|Any CPU.ActiveCfg = Release|Any CPU
		{74FBA6E2-F7E2-B73F-96AC-1A8CDCBDFE88}.Release|Any CPU.Build.0 = Release|Any CPU
		{A7401326-3797-17AE-3466-39CC91E0D9E2}.Debug|Any CPU.ActiveCfg = Debug|Any CPU
		{A7401326-3797-17AE-3466-39CC91E0D9E2}.Debug|Any CPU.Build.0 = Debug|Any CPU
		{A7401326-3797-17AE-3466-39CC91E0D9E2}.Release|Any CPU.ActiveCfg = Release|Any CPU
		{A7401326-3797-17AE-3466-39CC91E0D9E2}.Release|Any CPU.Build.0 = Release|Any CPU
	EndGlobalSection
	GlobalSection(SolutionProperties) = preSolution
		HideSolutionNode = FALSE
	EndGlobalSection
EndGlobal
